
Microsoft Visual Studio Solution File, Format Version 12.00
# Visual Studio Version 17
VisualStudioVersion = 17.4.33213.308
MinimumVisualStudioVersion = 10.0.40219.1
Project("{FAE04EC0-301F-11D3-BF4B-00C04F79EFBC}") = "fractionСlassLibrary", "fractionСlassLibrary.csproj", "{680DCD3A-9E97-4DCE-A47B-CDE7B5A24D6A}"
EndProject
Project("{FAE04EC0-301F-11D3-BF4B-00C04F79EFBC}") = "fractiotest", "UnitTestProject1\fractiotest.csproj", "{F254AAD3-3CDA-4C32-979A-BECA228725F3}"
EndProject
Global
	GlobalSection(SolutionConfigurationPlatforms) = preSolution
		Debug|Any CPU = Debug|Any CPU
		Release|Any CPU = Release|Any CPU
	EndGlobalSection
	GlobalSection(ProjectConfigurationPlatforms) = postSolution
		{680DCD3A-9E97-4DCE-A47B-CDE7B5A24D6A}.Debug|Any CPU.ActiveCfg = Debug|Any CPU
		{680DCD3A-9E97-4DCE-A47B-CDE7B5A24D6A}.Debug|Any CPU.Build.0 = Debug|Any CPU
		{680DCD3A-9E97-4DCE-A47B-CDE7B5A24D6A}.Release|Any CPU.ActiveCfg = Release|Any CPU
		{680DCD3A-9E97-4DCE-A47B-CDE7B5A24D6A}.Release|Any CPU.Build.0 = Release|Any CPU
		{F254AAD3-3CDA-4C32-979A-BECA228725F3}.Debug|Any CPU.ActiveCfg = Debug|Any CPU
		{F254AAD3-3CDA-4C32-979A-BECA228725F3}.Debug|Any CPU.Build.0 = Debug|Any CPU
		{F254AAD3-3CDA-4C32-979A-BECA228725F3}.Release|Any CPU.ActiveCfg = Release|Any CPU
		{F254AAD3-3CDA-4C32-979A-BECA228725F3}.Release|Any CPU.Build.0 = Release|Any CPU
	EndGlobalSection
	GlobalSection(SolutionProperties) = preSolution
		HideSolutionNode = FALSE
	EndGlobalSection
	GlobalSection(ExtensibilityGlobals) = postSolution
		SolutionGuid = {8899826B-B026-4560-B94B-C8E8E1666AD1}
	EndGlobalSection
EndGlobal
